
Microsoft Visual Studio Solution File, Format Version 12.00
# Visual Studio 14
VisualStudioVersion = 14.0.23107.0
MinimumVisualStudioVersion = 10.0.40219.1
Project("{FAE04EC0-301F-11D3-BF4B-00C04F79EFBC}") = "Agenda - Hall Omnisports", "Agenda - Hall Omnisports\Agenda - Hall Omnisports.csproj", "{FECD236B-9C91-4CC1-A2BC-AD91D28C6B74}"
EndProject
Global
	GlobalSection(SolutionConfigurationPlatforms) = preSolution
		Debug|Any CPU = Debug|Any CPU
		Release|Any CPU = Release|Any CPU
	EndGlobalSection
	GlobalSection(ProjectConfigurationPlatforms) = postSolution
		{FECD236B-9C91-4CC1-A2BC-AD91D28C6B74}.Debug|Any CPU.ActiveCfg = Debug|Any CPU
		{FECD236B-9C91-4CC1-A2BC-AD91D28C6B74}.Debug|Any CPU.Build.0 = Debug|Any CPU
		{FECD236B-9C91-4CC1-A2BC-AD91D28C6B74}.Release|Any CPU.ActiveCfg = Release|Any CPU
		{FECD236B-9C91-4CC1-A2BC-AD91D28C6B74}.Release|Any CPU.Build.0 = Release|Any CPU
	EndGlobalSection
	GlobalSection(SolutionProperties) = preSolution
		HideSolutionNode = FALSE
	EndGlobalSection
EndGlobal
